
Microsoft Visual Studio Solution File, Format Version 12.00
# Visual Studio Version 16
VisualStudioVersion = 16.0.28917.181
MinimumVisualStudioVersion = 10.0.40219.1
Project("{E53339B2-1760-4266-BCC7-CA923CBCF16C}") = "docker-compose", "docker-compose.dcproj", "{A019EF61-34C7-4FDF-B775-AC14D174E1FC}"
EndProject
Project("{FAE04EC0-301F-11D3-BF4B-00C04F79EFBC}") = "LuKaSo.RabbitMqSagaExample.Broker", "src\LuKaSo.RabbitMqSagaExample.Broker\LuKaSo.RabbitMqSagaExample.Broker.csproj", "{CDFA5C91-9C50-4359-A8CA-7B1C350AAAF1}"
EndProject
Project("{FAE04EC0-301F-11D3-BF4B-00C04F79EFBC}") = "LuKaSo.RabbitMqSagaExample.StrategyA", "src\LuKaSo.RabbitMqSagaExample.StrategyA\LuKaSo.RabbitMqSagaExample.StrategyA.csproj", "{FA184735-E6F1-440A-9E06-9E27505B5873}"
EndProject
Project("{FAE04EC0-301F-11D3-BF4B-00C04F79EFBC}") = "LuKaSo.RabbitMqSagaExample.StrategyB", "src\LuKaSo.RabbitMqSagaExample.StrategyB\LuKaSo.RabbitMqSagaExample.StrategyB.csproj", "{F2EF6372-FF35-40A0-AC8C-79F8FC15C51B}"
EndProject
Project("{FAE04EC0-301F-11D3-BF4B-00C04F79EFBC}") = "LuKaSo.RabbitMqSagaExample.OrderManagement", "src\LuKaSo.RabbitMqSagaExample.OrderManagement\LuKaSo.RabbitMqSagaExample.OrderManagement.csproj", "{FC2BF11F-EC38-4A8C-A821-CE1CEA0D4699}"
EndProject
Project("{FAE04EC0-301F-11D3-BF4B-00C04F79EFBC}") = "LuKaSo.RabbitMqSagaExample.Strategy", "src\LuKaSo.RabbitMqSagaExample.Strategy\LuKaSo.RabbitMqSagaExample.Strategy.csproj", "{E327A438-6D91-4712-8A8B-52A670452B5E}"
EndProject
Project("{FAE04EC0-301F-11D3-BF4B-00C04F79EFBC}") = "LuKaSo.RabbitMqSagaExample.Contracts", "src\LuKaSo.RabbitMqSagaExample.Contracts\LuKaSo.RabbitMqSagaExample.Contracts.csproj", "{C1751D61-F055-4ECC-B99A-DBD309C05F25}"
EndProject
Project("{FAE04EC0-301F-11D3-BF4B-00C04F79EFBC}") = "LuKaSo.RabbitMqSagaExample.Common", "src\LuKaSo.RabbitMqSagaExample.Common\LuKaSo.RabbitMqSagaExample.Common.csproj", "{7C9416F4-B1B5-4D59-B5C8-47609188EB81}"
EndProject
Project("{FAE04EC0-301F-11D3-BF4B-00C04F79EFBC}") = "LuKaSo.RabbitMqSagaExample.Models", "src\LuKaSo.RabbitMqSagaExample.Models\LuKaSo.RabbitMqSagaExample.Models.csproj", "{B9761A8B-F162-4950-97EB-49C9B9FCB384}"
EndProject
Global
	GlobalSection(SolutionConfigurationPlatforms) = preSolution
		Debug|Any CPU = Debug|Any CPU
		Release|Any CPU = Release|Any CPU
	EndGlobalSection
	GlobalSection(ProjectConfigurationPlatforms) = postSolution
		{A019EF61-34C7-4FDF-B775-AC14D174E1FC}.Debug|Any CPU.ActiveCfg = Debug|Any CPU
		{A019EF61-34C7-4FDF-B775-AC14D174E1FC}.Debug|Any CPU.Build.0 = Debug|Any CPU
		{A019EF61-34C7-4FDF-B775-AC14D174E1FC}.Release|Any CPU.ActiveCfg = Release|Any CPU
		{A019EF61-34C7-4FDF-B775-AC14D174E1FC}.Release|Any CPU.Build.0 = Release|Any CPU
		{CDFA5C91-9C50-4359-A8CA-7B1C350AAAF1}.Debug|Any CPU.ActiveCfg = Debug|Any CPU
		{CDFA5C91-9C50-4359-A8CA-7B1C350AAAF1}.Debug|Any CPU.Build.0 = Debug|Any CPU
		{CDFA5C91-9C50-4359-A8CA-7B1C350AAAF1}.Release|Any CPU.ActiveCfg = Release|Any CPU
		{CDFA5C91-9C50-4359-A8CA-7B1C350AAAF1}.Release|Any CPU.Build.0 = Release|Any CPU
		{FA184735-E6F1-440A-9E06-9E27505B5873}.Debug|Any CPU.ActiveCfg = Debug|Any CPU
		{FA184735-E6F1-440A-9E06-9E27505B5873}.Debug|Any CPU.Build.0 = Debug|Any CPU
		{FA184735-E6F1-440A-9E06-9E27505B5873}.Release|Any CPU.ActiveCfg = Release|Any CPU
		{FA184735-E6F1-440A-9E06-9E27505B5873}.Release|Any CPU.Build.0 = Release|Any CPU
		{F2EF6372-FF35-40A0-AC8C-79F8FC15C51B}.Debug|Any CPU.ActiveCfg = Debug|Any CPU
		{F2EF6372-FF35-40A0-AC8C-79F8FC15C51B}.Debug|Any CPU.Build.0 = Debug|Any CPU
		{F2EF6372-FF35-40A0-AC8C-79F8FC15C51B}.Release|Any CPU.ActiveCfg = Release|Any CPU
		{F2EF6372-FF35-40A0-AC8C-79F8FC15C51B}.Release|Any CPU.Build.0 = Release|Any CPU
		{FC2BF11F-EC38-4A8C-A821-CE1CEA0D4699}.Debug|Any CPU.ActiveCfg = Debug|Any CPU
		{FC2BF11F-EC38-4A8C-A821-CE1CEA0D4699}.Debug|Any CPU.Build.0 = Debug|Any CPU
		{FC2BF11F-EC38-4A8C-A821-CE1CEA0D4699}.Release|Any CPU.ActiveCfg = Release|Any CPU
		{FC2BF11F-EC38-4A8C-A821-CE1CEA0D4699}.Release|Any CPU.Build.0 = Release|Any CPU
		{E327A438-6D91-4712-8A8B-52A670452B5E}.Debug|Any CPU.ActiveCfg = Debug|Any CPU
		{E327A438-6D91-4712-8A8B-52A670452B5E}.Debug|Any CPU.Build.0 = Debug|Any CPU
		{E327A438-6D91-4712-8A8B-52A670452B5E}.Release|Any CPU.ActiveCfg = Release|Any CPU
		{E327A438-6D91-4712-8A8B-52A670452B5E}.Release|Any CPU.Build.0 = Release|Any CPU
		{C1751D61-F055-4ECC-B99A-DBD309C05F25}.Debug|Any CPU.ActiveCfg = Debug|Any CPU
		{C1751D61-F055-4ECC-B99A-DBD309C05F25}.Debug|Any CPU.Build.0 = Debug|Any CPU
		{C1751D61-F055-4ECC-B99A-DBD309C05F25}.Release|Any CPU.ActiveCfg = Release|Any CPU
		{C1751D61-F055-4ECC-B99A-DBD309C05F25}.Release|Any CPU.Build.0 = Release|Any CPU
		{7C9416F4-B1B5-4D59-B5C8-47609188EB81}.Debug|Any CPU.ActiveCfg = Debug|Any CPU
		{7C9416F4-B1B5-4D59-B5C8-47609188EB81}.Debug|Any CPU.Build.0 = Debug|Any CPU
		{7C9416F4-B1B5-4D59-B5C8-47609188EB81}.Release|Any CPU.ActiveCfg = Release|Any CPU
		{7C9416F4-B1B5-4D59-B5C8-47609188EB81}.Release|Any CPU.Build.0 = Release|Any CPU
		{B9761A8B-F162-4950-97EB-49C9B9FCB384}.Debug|Any CPU.ActiveCfg = Debug|Any CPU
		{B9761A8B-F162-4950-97EB-49C9B9FCB384}.Debug|Any CPU.Build.0 = Debug|Any CPU
		{B9761A8B-F162-4950-97EB-49C9B9FCB384}.Release|Any CPU.ActiveCfg = Release|Any CPU
		{B9761A8B-F162-4950-97EB-49C9B9FCB384}.Release|Any CPU.Build.0 = Release|Any CPU
	EndGlobalSection
	GlobalSection(SolutionProperties) = preSolution
		HideSolutionNode = FALSE
	EndGlobalSection
	GlobalSection(ExtensibilityGlobals) = postSolution
		SolutionGuid = {19BE7A68-BE59-478C-A5CB-B9E4466C9AF3}
	EndGlobalSection
EndGlobal
